
Microsoft Visual Studio Solution File, Format Version 12.00
# Visual Studio 15
VisualStudioVersion = 15.0.28010.2019
MinimumVisualStudioVersion = 10.0.40219.1
Project("{FAE04EC0-301F-11D3-BF4B-00C04F79EFBC}") = "gitTest", "gitTest\gitTest.csproj", "{0F3407E0-B05D-4054-8462-836F72AB63D5}"
EndProject
Global
	GlobalSection(SolutionConfigurationPlatforms) = preSolution
		Debug|Any CPU = Debug|Any CPU
		Release|Any CPU = Release|Any CPU
	EndGlobalSection
	GlobalSection(ProjectConfigurationPlatforms) = postSolution
		{0F3407E0-B05D-4054-8462-836F72AB63D5}.Debug|Any CPU.ActiveCfg = Debug|Any CPU
		{0F3407E0-B05D-4054-8462-836F72AB63D5}.Debug|Any CPU.Build.0 = Debug|Any CPU
		{0F3407E0-B05D-4054-8462-836F72AB63D5}.Release|Any CPU.ActiveCfg = Release|Any CPU
		{0F3407E0-B05D-4054-8462-836F72AB63D5}.Release|Any CPU.Build.0 = Release|Any CPU
	EndGlobalSection
	GlobalSection(SolutionProperties) = preSolution
		HideSolutionNode = FALSE
	EndGlobalSection
	GlobalSection(ExtensibilityGlobals) = postSolution
		SolutionGuid = {D4B1BF70-9089-4340-A98D-C3D8BDC4255D}
	EndGlobalSection
EndGlobal
